// !$*UTF8*$!
{
	archiveVersion = 1;
	classes = {
	};
	objectVersion = 55;
	objects = {

/* Begin PBXBuildFile section */
		F7DDB66627DE8EE600D9D7F6 /* ContentModel.swift in Sources */ = {isa = PBXBuildFile; fileRef = F7DDB66527DE8EE600D9D7F6 /* ContentModel.swift */; };
		F7DDB67227DF504A00D9D7F6 /* Settings.swift in Sources */ = {isa = PBXBuildFile; fileRef = F7DDB67127DF504A00D9D7F6 /* Settings.swift */; };
		F7DDB67427DF524100D9D7F6 /* Business.swift in Sources */ = {isa = PBXBuildFile; fileRef = F7DDB67327DF524100D9D7F6 /* Business.swift */; };
		F7DDB67627DF540E00D9D7F6 /* BusinessSearch.swift in Sources */ = {isa = PBXBuildFile; fileRef = F7DDB67527DF540E00D9D7F6 /* BusinessSearch.swift */; };
		F7DDB67A27DF67EB00D9D7F6 /* HomeView.swift in Sources */ = {isa = PBXBuildFile; fileRef = F7DDB67927DF67EB00D9D7F6 /* HomeView.swift */; };
		F7DDB67C27DF736900D9D7F6 /* BusinessList.swift in Sources */ = {isa = PBXBuildFile; fileRef = F7DDB67B27DF736900D9D7F6 /* BusinessList.swift */; };
		F7DDB67F27DF753800D9D7F6 /* BusinessSectionHeader.swift in Sources */ = {isa = PBXBuildFile; fileRef = F7DDB67E27DF753800D9D7F6 /* BusinessSectionHeader.swift */; };
		F7DDB68227DF761600D9D7F6 /* BusinessSection.swift in Sources */ = {isa = PBXBuildFile; fileRef = F7DDB68127DF761600D9D7F6 /* BusinessSection.swift */; };
		F7DDB68427DF7D9900D9D7F6 /* BusinessRow.swift in Sources */ = {isa = PBXBuildFile; fileRef = F7DDB68327DF7D9900D9D7F6 /* BusinessRow.swift */; };
		F7DDB68727DF908B00D9D7F6 /* BusinessDetailView.swift in Sources */ = {isa = PBXBuildFile; fileRef = F7DDB68627DF908B00D9D7F6 /* BusinessDetailView.swift */; };
		F7E97A4527DE8369008309CD /* YelpActivityRecsApp.swift in Sources */ = {isa = PBXBuildFile; fileRef = F7E97A4427DE8369008309CD /* YelpActivityRecsApp.swift */; };
		F7E97A4727DE8369008309CD /* LaunchView.swift in Sources */ = {isa = PBXBuildFile; fileRef = F7E97A4627DE8369008309CD /* LaunchView.swift */; };
		F7E97A4927DE836A008309CD /* Assets.xcassets in Resources */ = {isa = PBXBuildFile; fileRef = F7E97A4827DE836A008309CD /* Assets.xcassets */; };
		F7E97A4C27DE836A008309CD /* Preview Assets.xcassets in Resources */ = {isa = PBXBuildFile; fileRef = F7E97A4B27DE836A008309CD /* Preview Assets.xcassets */; };
/* End PBXBuildFile section */

/* Begin PBXFileReference section */
		F7DDB66527DE8EE600D9D7F6 /* ContentModel.swift */ = {isa = PBXFileReference; lastKnownFileType = sourcecode.swift; path = ContentModel.swift; sourceTree = "<group>"; };
		F7DDB66B27DE926E00D9D7F6 /* Info.plist */ = {isa = PBXFileReference; fileEncoding = 4; lastKnownFileType = text.plist.xml; path = Info.plist; sourceTree = "<group>"; };
		F7DDB67127DF504A00D9D7F6 /* Settings.swift */ = {isa = PBXFileReference; lastKnownFileType = sourcecode.swift; path = Settings.swift; sourceTree = "<group>"; };
		F7DDB67327DF524100D9D7F6 /* Business.swift */ = {isa = PBXFileReference; lastKnownFileType = sourcecode.swift; path = Business.swift; sourceTree = "<group>"; };
		F7DDB67527DF540E00D9D7F6 /* BusinessSearch.swift */ = {isa = PBXFileReference; lastKnownFileType = sourcecode.swift; path = BusinessSearch.swift; sourceTree = "<group>"; };
		F7DDB67927DF67EB00D9D7F6 /* HomeView.swift */ = {isa = PBXFileReference; lastKnownFileType = sourcecode.swift; path = HomeView.swift; sourceTree = "<group>"; };
		F7DDB67B27DF736900D9D7F6 /* BusinessList.swift */ = {isa = PBXFileReference; lastKnownFileType = sourcecode.swift; path = BusinessList.swift; sourceTree = "<group>"; };
		F7DDB67E27DF753800D9D7F6 /* BusinessSectionHeader.swift */ = {isa = PBXFileReference; lastKnownFileType = sourcecode.swift; path = BusinessSectionHeader.swift; sourceTree = "<group>"; };
		F7DDB68127DF761600D9D7F6 /* BusinessSection.swift */ = {isa = PBXFileReference; lastKnownFileType = sourcecode.swift; path = BusinessSection.swift; sourceTree = "<group>"; };
		F7DDB68327DF7D9900D9D7F6 /* BusinessRow.swift */ = {isa = PBXFileReference; lastKnownFileType = sourcecode.swift; path = BusinessRow.swift; sourceTree = "<group>"; };
		F7DDB68627DF908B00D9D7F6 /* BusinessDetailView.swift */ = {isa = PBXFileReference; lastKnownFileType = sourcecode.swift; path = BusinessDetailView.swift; sourceTree = "<group>"; };
		F7E97A4127DE8369008309CD /* YelpActivityRecs.app */ = {isa = PBXFileReference; explicitFileType = wrapper.application; includeInIndex = 0; path = YelpActivityRecs.app; sourceTree = BUILT_PRODUCTS_DIR; };
		F7E97A4427DE8369008309CD /* YelpActivityRecsApp.swift */ = {isa = PBXFileReference; lastKnownFileType = sourcecode.swift; path = YelpActivityRecsApp.swift; sourceTree = "<group>"; };
		F7E97A4627DE8369008309CD /* LaunchView.swift */ = {isa = PBXFileReference; lastKnownFileType = sourcecode.swift; path = LaunchView.swift; sourceTree = "<group>"; };
		F7E97A4827DE836A008309CD /* Assets.xcassets */ = {isa = PBXFileReference; lastKnownFileType = folder.assetcatalog; path = Assets.xcassets; sourceTree = "<group>"; };
		F7E97A4B27DE836A008309CD /* Preview Assets.xcassets */ = {isa = PBXFileReference; lastKnownFileType = folder.assetcatalog; path = "Preview Assets.xcassets"; sourceTree = "<group>"; };
/* End PBXFileReference section */

/* Begin PBXFrameworksBuildPhase section */
		F7E97A3E27DE8369008309CD /* Frameworks */ = {
			isa = PBXFrameworksBuildPhase;
			buildActionMask = 2147483647;
			files = (
			);
			runOnlyForDeploymentPostprocessing = 0;
		};
/* End PBXFrameworksBuildPhase section */

/* Begin PBXGroup section */
		F7DDB66127DE8DC800D9D7F6 /* Models */ = {
			isa = PBXGroup;
			children = (
				F7DDB67327DF524100D9D7F6 /* Business.swift */,
				F7DDB67527DF540E00D9D7F6 /* BusinessSearch.swift */,
			);
			path = Models;
			sourceTree = "<group>";
		};
		F7DDB66327DE8E1700D9D7F6 /* ViewModels */ = {
			isa = PBXGroup;
			children = (
				F7DDB66527DE8EE600D9D7F6 /* ContentModel.swift */,
			);
			path = ViewModels;
			sourceTree = "<group>";
		};
		F7DDB66427DE8E3F00D9D7F6 /* Views */ = {
			isa = PBXGroup;
			children = (
				F7DDB67927DF67EB00D9D7F6 /* HomeView.swift */,
				F7E97A4627DE8369008309CD /* LaunchView.swift */,
				F7DDB67D27DF751500D9D7F6 /* BusinessList */,
			);
			path = Views;
			sourceTree = "<group>";
		};
		F7DDB67727DF5B7700D9D7F6 /* Helpers */ = {
			isa = PBXGroup;
			children = (
				F7DDB67127DF504A00D9D7F6 /* Settings.swift */,
			);
			path = Helpers;
			sourceTree = "<group>";
		};
		F7DDB67D27DF751500D9D7F6 /* BusinessList */ = {
			isa = PBXGroup;
			children = (
				F7DDB68527DF907A00D9D7F6 /* DetailView */,
				F7DDB67B27DF736900D9D7F6 /* BusinessList.swift */,
				F7DDB68127DF761600D9D7F6 /* BusinessSection.swift */,
				F7DDB67E27DF753800D9D7F6 /* BusinessSectionHeader.swift */,
				F7DDB68327DF7D9900D9D7F6 /* BusinessRow.swift */,
			);
			path = BusinessList;
			sourceTree = "<group>";
		};
		F7DDB68527DF907A00D9D7F6 /* DetailView */ = {
			isa = PBXGroup;
			children = (
				F7DDB68627DF908B00D9D7F6 /* BusinessDetailView.swift */,
			);
			path = DetailView;
			sourceTree = "<group>";
		};
		F7E97A3827DE8369008309CD = {
			isa = PBXGroup;
			children = (
				F7E97A4327DE8369008309CD /* YelpActivityRecs */,
				F7E97A4227DE8369008309CD /* Products */,
			);
			sourceTree = "<group>";
		};
		F7E97A4227DE8369008309CD /* Products */ = {
			isa = PBXGroup;
			children = (
				F7E97A4127DE8369008309CD /* YelpActivityRecs.app */,
			);
			name = Products;
			sourceTree = "<group>";
		};
		F7E97A4327DE8369008309CD /* YelpActivityRecs */ = {
			isa = PBXGroup;
			children = (
				F7DDB66B27DE926E00D9D7F6 /* Info.plist */,
				F7E97A4427DE8369008309CD /* YelpActivityRecsApp.swift */,
				F7DDB66427DE8E3F00D9D7F6 /* Views */,
				F7DDB66327DE8E1700D9D7F6 /* ViewModels */,
				F7DDB66127DE8DC800D9D7F6 /* Models */,
				F7DDB67727DF5B7700D9D7F6 /* Helpers */,
				F7E97A4827DE836A008309CD /* Assets.xcassets */,
				F7E97A4A27DE836A008309CD /* Preview Content */,
			);
			path = YelpActivityRecs;
			sourceTree = "<group>";
		};
		F7E97A4A27DE836A008309CD /* Preview Content */ = {
			isa = PBXGroup;
			children = (
				F7E97A4B27DE836A008309CD /* Preview Assets.xcassets */,
			);
			path = "Preview Content";
			sourceTree = "<group>";
		};
/* End PBXGroup section */

/* Begin PBXNativeTarget section */
		F7E97A4027DE8369008309CD /* YelpActivityRecs */ = {
			isa = PBXNativeTarget;
			buildConfigurationList = F7E97A4F27DE836A008309CD /* Build configuration list for PBXNativeTarget "YelpActivityRecs" */;
			buildPhases = (
				F7E97A3D27DE8369008309CD /* Sources */,
				F7E97A3E27DE8369008309CD /* Frameworks */,
				F7E97A3F27DE8369008309CD /* Resources */,
			);
			buildRules = (
			);
			dependencies = (
			);
			name = YelpActivityRecs;
			productName = YelpActivityRecs;
			productReference = F7E97A4127DE8369008309CD /* YelpActivityRecs.app */;
			productType = "com.apple.product-type.application";
		};
/* End PBXNativeTarget section */

/* Begin PBXProject section */
		F7E97A3927DE8369008309CD /* Project object */ = {
			isa = PBXProject;
			attributes = {
				BuildIndependentTargetsInParallel = 1;
				LastSwiftUpdateCheck = 1320;
				LastUpgradeCheck = 1320;
				TargetAttributes = {
					F7E97A4027DE8369008309CD = {
						CreatedOnToolsVersion = 13.2.1;
					};
				};
			};
			buildConfigurationList = F7E97A3C27DE8369008309CD /* Build configuration list for PBXProject "YelpActivityRecs" */;
			compatibilityVersion = "Xcode 13.0";
			developmentRegion = en;
			hasScannedForEncodings = 0;
			knownRegions = (
				en,
				Base,
			);
			mainGroup = F7E97A3827DE8369008309CD;
			productRefGroup = F7E97A4227DE8369008309CD /* Products */;
			projectDirPath = "";
			projectRoot = "";
			targets = (
				F7E97A4027DE8369008309CD /* YelpActivityRecs */,
			);
		};
/* End PBXProject section */

/* Begin PBXResourcesBuildPhase section */
		F7E97A3F27DE8369008309CD /* Resources */ = {
			isa = PBXResourcesBuildPhase;
			buildActionMask = 2147483647;
			files = (
				F7E97A4C27DE836A008309CD /* Preview Assets.xcassets in Resources */,
				F7E97A4927DE836A008309CD /* Assets.xcassets in Resources */,
			);
			runOnlyForDeploymentPostprocessing = 0;
		};
/* End PBXResourcesBuildPhase section */

/* Begin PBXSourcesBuildPhase section */
		F7E97A3D27DE8369008309CD /* Sources */ = {
			isa = PBXSourcesBuildPhase;
			buildActionMask = 2147483647;
			files = (
				F7E97A4727DE8369008309CD /* LaunchView.swift in Sources */,
				F7DDB68727DF908B00D9D7F6 /* BusinessDetailView.swift in Sources */,
				F7DDB68427DF7D9900D9D7F6 /* BusinessRow.swift in Sources */,
				F7DDB67A27DF67EB00D9D7F6 /* HomeView.swift in Sources */,
				F7E97A4527DE8369008309CD /* YelpActivityRecsApp.swift in Sources */,
				F7DDB67F27DF753800D9D7F6 /* BusinessSectionHeader.swift in Sources */,
				F7DDB67227DF504A00D9D7F6 /* Settings.swift in Sources */,
				F7DDB67427DF524100D9D7F6 /* Business.swift in Sources */,
				F7DDB67C27DF736900D9D7F6 /* BusinessList.swift in Sources */,
				F7DDB68227DF761600D9D7F6 /* BusinessSection.swift in Sources */,
				F7DDB66627DE8EE600D9D7F6 /* ContentModel.swift in Sources */,
				F7DDB67627DF540E00D9D7F6 /* BusinessSearch.swift in Sources */,
			);
			runOnlyForDeploymentPostprocessing = 0;
		};
/* End PBXSourcesBuildPhase section */

/* Begin XCBuildConfiguration section */
		F7E97A4D27DE836A008309CD /* Debug */ = {
			isa = XCBuildConfiguration;
			buildSettings = {
				ALWAYS_SEARCH_USER_PATHS = NO;
				CLANG_ANALYZER_NONNULL = YES;
				CLANG_ANALYZER_NUMBER_OBJECT_CONVERSION = YES_AGGRESSIVE;
				CLANG_CXX_LANGUAGE_STANDARD = "gnu++17";
				CLANG_CXX_LIBRARY = "libc++";
				CLANG_ENABLE_MODULES = YES;
				CLANG_ENABLE_OBJC_ARC = YES;
				CLANG_ENABLE_OBJC_WEAK = YES;
				CLANG_WARN_BLOCK_CAPTURE_AUTORELEASING = YES;
				CLANG_WARN_BOOL_CONVERSION = YES;
				CLANG_WARN_COMMA = YES;
				CLANG_WARN_CONSTANT_CONVERSION = YES;
				CLANG_WARN_DEPRECATED_OBJC_IMPLEMENTATIONS = YES;
				CLANG_WARN_DIRECT_OBJC_ISA_USAGE = YES_ERROR;
				CLANG_WARN_DOCUMENTATION_COMMENTS = YES;
				CLANG_WARN_EMPTY_BODY = YES;
				CLANG_WARN_ENUM_CONVERSION = YES;
				CLANG_WARN_INFINITE_RECURSION = YES;
				CLANG_WARN_INT_CONVERSION = YES;
				CLANG_WARN_NON_LITERAL_NULL_CONVERSION = YES;
				CLANG_WARN_OBJC_IMPLICIT_RETAIN_SELF = YES;
				CLANG_WARN_OBJC_LITERAL_CONVERSION = YES;
				CLANG_WARN_OBJC_ROOT_CLASS = YES_ERROR;
				CLANG_WARN_QUOTED_INCLUDE_IN_FRAMEWORK_HEADER = YES;
				CLANG_WARN_RANGE_LOOP_ANALYSIS = YES;
				CLANG_WARN_STRICT_PROTOTYPES = YES;
				CLANG_WARN_SUSPICIOUS_MOVE = YES;
				CLANG_WARN_UNGUARDED_AVAILABILITY = YES_AGGRESSIVE;
				CLANG_WARN_UNREACHABLE_CODE = YES;
				CLANG_WARN__DUPLICATE_METHOD_MATCH = YES;
				COPY_PHASE_STRIP = NO;
				DEBUG_INFORMATION_FORMAT = dwarf;
				ENABLE_STRICT_OBJC_MSGSEND = YES;
				ENABLE_TESTABILITY = YES;
				GCC_C_LANGUAGE_STANDARD = gnu11;
				GCC_DYNAMIC_NO_PIC = NO;
				GCC_NO_COMMON_BLOCKS = YES;
				GCC_OPTIMIZATION_LEVEL = 0;
				GCC_PREPROCESSOR_DEFINITIONS = (
					"DEBUG=1",
					"$(inherited)",
				);
				GCC_WARN_64_TO_32_BIT_CONVERSION = YES;
				GCC_WARN_ABOUT_RETURN_TYPE = YES_ERROR;
				GCC_WARN_UNDECLARED_SELECTOR = YES;
				GCC_WARN_UNINITIALIZED_AUTOS = YES_AGGRESSIVE;
				GCC_WARN_UNUSED_FUNCTION = YES;
				GCC_WARN_UNUSED_VARIABLE = YES;
				IPHONEOS_DEPLOYMENT_TARGET = 15.2;
				MTL_ENABLE_DEBUG_INFO = INCLUDE_SOURCE;
				MTL_FAST_MATH = YES;
				ONLY_ACTIVE_ARCH = YES;
				SDKROOT = iphoneos;
				SWIFT_ACTIVE_COMPILATION_CONDITIONS = DEBUG;
				SWIFT_OPTIMIZATION_LEVEL = "-Onone";
			};
			name = Debug;
		};
		F7E97A4E27DE836A008309CD /* Release */ = {
			isa = XCBuildConfiguration;
			buildSettings = {
				ALWAYS_SEARCH_USER_PATHS = NO;
				CLANG_ANALYZER_NONNULL = YES;
				CLANG_ANALYZER_NUMBER_OBJECT_CONVERSION = YES_AGGRESSIVE;
				CLANG_CXX_LANGUAGE_STANDARD = "gnu++17";
				CLANG_CXX_LIBRARY = "libc++";
				CLANG_ENABLE_MODULES = YES;
				CLANG_ENABLE_OBJC_ARC = YES;
				CLANG_ENABLE_OBJC_WEAK = YES;
				CLANG_WARN_BLOCK_CAPTURE_AUTORELEASING = YES;
				CLANG_WARN_BOOL_CONVERSION = YES;
				CLANG_WARN_COMMA = YES;
				CLANG_WARN_CONSTANT_CONVERSION = YES;
				CLANG_WARN_DEPRECATED_OBJC_IMPLEMENTATIONS = YES;
				CLANG_WARN_DIRECT_OBJC_ISA_USAGE = YES_ERROR;
				CLANG_WARN_DOCUMENTATION_COMMENTS = YES;
				CLANG_WARN_EMPTY_BODY = YES;
				CLANG_WARN_ENUM_CONVERSION = YES;
				CLANG_WARN_INFINITE_RECURSION = YES;
				CLANG_WARN_INT_CONVERSION = YES;
				CLANG_WARN_NON_LITERAL_NULL_CONVERSION = YES;
				CLANG_WARN_OBJC_IMPLICIT_RETAIN_SELF = YES;
				CLANG_WARN_OBJC_LITERAL_CONVERSION = YES;
				CLANG_WARN_OBJC_ROOT_CLASS = YES_ERROR;
				CLANG_WARN_QUOTED_INCLUDE_IN_FRAMEWORK_HEADER = YES;
				CLANG_WARN_RANGE_LOOP_ANALYSIS = YES;
				CLANG_WARN_STRICT_PROTOTYPES = YES;
				CLANG_WARN_SUSPICIOUS_MOVE = YES;
				CLANG_WARN_UNGUARDED_AVAILABILITY = YES_AGGRESSIVE;
				CLANG_WARN_UNREACHABLE_CODE = YES;
				CLANG_WARN__DUPLICATE_METHOD_MATCH = YES;
				COPY_PHASE_STRIP = NO;
				DEBUG_INFORMATION_FORMAT = "dwarf-with-dsym";
				ENABLE_NS_ASSERTIONS = NO;
				ENABLE_STRICT_OBJC_MSGSEND = YES;
				GCC_C_LANGUAGE_STANDARD = gnu11;
				GCC_NO_COMMON_BLOCKS = YES;
				GCC_WARN_64_TO_32_BIT_CONVERSION = YES;
				GCC_WARN_ABOUT_RETURN_TYPE = YES_ERROR;
				GCC_WARN_UNDECLARED_SELECTOR = YES;
				GCC_WARN_UNINITIALIZED_AUTOS = YES_AGGRESSIVE;
				GCC_WARN_UNUSED_FUNCTION = YES;
				GCC_WARN_UNUSED_VARIABLE = YES;
				IPHONEOS_DEPLOYMENT_TARGET = 15.2;
				MTL_ENABLE_DEBUG_INFO = NO;
				MTL_FAST_MATH = YES;
				SDKROOT = iphoneos;
				SWIFT_COMPILATION_MODE = wholemodule;
				SWIFT_OPTIMIZATION_LEVEL = "-O";
				VALIDATE_PRODUCT = YES;
			};
			name = Release;
		};
		F7E97A5027DE836A008309CD /* Debug */ = {
			isa = XCBuildConfiguration;
			buildSettings = {
				ASSETCATALOG_COMPILER_APPICON_NAME = AppIcon;
				ASSETCATALOG_COMPILER_GLOBAL_ACCENT_COLOR_NAME = AccentColor;
				CODE_SIGN_STYLE = Automatic;
				CURRENT_PROJECT_VERSION = 1;
				DEVELOPMENT_ASSET_PATHS = "\"YelpActivityRecs/Preview Content\"";
				DEVELOPMENT_TEAM = 4AFN2B8B6V;
				ENABLE_PREVIEWS = YES;
				GENERATE_INFOPLIST_FILE = NO;
				INFOPLIST_FILE = /Users/eeaton/Desktop/Code/myProjects/YelpActivityRecs/YelpActivityRecs/Info.plist;
				INFOPLIST_KEY_UIApplicationSceneManifest_Generation = YES;
				INFOPLIST_KEY_UIApplicationSupportsIndirectInputEvents = YES;
				INFOPLIST_KEY_UILaunchScreen_Generation = YES;
				INFOPLIST_KEY_UISupportedInterfaceOrientations_iPad = "UIInterfaceOrientationPortrait UIInterfaceOrientationPortraitUpsideDown UIInterfaceOrientationLandscapeLeft UIInterfaceOrientationLandscapeRight";
				INFOPLIST_KEY_UISupportedInterfaceOrientations_iPhone = "UIInterfaceOrientationPortrait UIInterfaceOrientationLandscapeLeft UIInterfaceOrientationLandscapeRight";
				LD_RUNPATH_SEARCH_PATHS = (
					"$(inherited)",
					"@executable_path/Frameworks",
				);
				MARKETING_VERSION = 1.0;
				PRODUCT_BUNDLE_IDENTIFIER = com.eeaton.YelpActivityRecs;
				PRODUCT_NAME = "$(TARGET_NAME)";
				SWIFT_EMIT_LOC_STRINGS = YES;
				SWIFT_VERSION = 5.0;
				TARGETED_DEVICE_FAMILY = "1,2";
			};
			name = Debug;
		};
		F7E97A5127DE836A008309CD /* Release */ = {
			isa = XCBuildConfiguration;
			buildSettings = {
				ASSETCATALOG_COMPILER_APPICON_NAME = AppIcon;
				ASSETCATALOG_COMPILER_GLOBAL_ACCENT_COLOR_NAME = AccentColor;
				CODE_SIGN_STYLE = Automatic;
				CURRENT_PROJECT_VERSION = 1;
				DEVELOPMENT_ASSET_PATHS = "\"YelpActivityRecs/Preview Content\"";
				DEVELOPMENT_TEAM = 4AFN2B8B6V;
				ENABLE_PREVIEWS = YES;
				GENERATE_INFOPLIST_FILE = NO;
				INFOPLIST_FILE = /Users/eeaton/Desktop/Code/myProjects/YelpActivityRecs/YelpActivityRecs/Info.plist;
				INFOPLIST_KEY_UIApplicationSceneManifest_Generation = YES;
				INFOPLIST_KEY_UIApplicationSupportsIndirectInputEvents = YES;
				INFOPLIST_KEY_UILaunchScreen_Generation = YES;
				INFOPLIST_KEY_UISupportedInterfaceOrientations_iPad = "UIInterfaceOrientationPortrait UIInterfaceOrientationPortraitUpsideDown UIInterfaceOrientationLandscapeLeft UIInterfaceOrientationLandscapeRight";
				INFOPLIST_KEY_UISupportedInterfaceOrientations_iPhone = "UIInterfaceOrientationPortrait UIInterfaceOrientationLandscapeLeft UIInterfaceOrientationLandscapeRight";
				LD_RUNPATH_SEARCH_PATHS = (
					"$(inherited)",
					"@executable_path/Frameworks",
				);
				MARKETING_VERSION = 1.0;
				PRODUCT_BUNDLE_IDENTIFIER = com.eeaton.YelpActivityRecs;
				PRODUCT_NAME = "$(TARGET_NAME)";
				SWIFT_EMIT_LOC_STRINGS = YES;
				SWIFT_VERSION = 5.0;
				TARGETED_DEVICE_FAMILY = "1,2";
			};
			name = Release;
		};
/* End XCBuildConfiguration section */

/* Begin XCConfigurationList section */
		F7E97A3C27DE8369008309CD /* Build configuration list for PBXProject "YelpActivityRecs" */ = {
			isa = XCConfigurationList;
			buildConfigurations = (
				F7E97A4D27DE836A008309CD /* Debug */,
				F7E97A4E27DE836A008309CD /* Release */,
			);
			defaultConfigurationIsVisible = 0;
			defaultConfigurationName = Release;
		};
		F7E97A4F27DE836A008309CD /* Build configuration list for PBXNativeTarget "YelpActivityRecs" */ = {
			isa = XCConfigurationList;
			buildConfigurations = (
				F7E97A5027DE836A008309CD /* Debug */,
				F7E97A5127DE836A008309CD /* Release */,
			);
			defaultConfigurationIsVisible = 0;
			defaultConfigurationName = Release;
		};
/* End XCConfigurationList section */
	};
	rootObject = F7E97A3927DE8369008309CD /* Project object */;
}
